
Microsoft Visual Studio Solution File, Format Version 12.00
# Visual Studio Version 16
VisualStudioVersion = 16.0.31129.286
MinimumVisualStudioVersion = 10.0.40219.1
Project("{FAE04EC0-301F-11D3-BF4B-00C04F79EFBC}") = "EmployeeManagement", "EmployeeManagement\EmployeeManagement.csproj", "{87E58A53-878A-47DC-8441-B8B7B968778C}"
EndProject
Global
	GlobalSection(SolutionConfigurationPlatforms) = preSolution
		Debug|Any CPU = Debug|Any CPU
		Release|Any CPU = Release|Any CPU
	EndGlobalSection
	GlobalSection(ProjectConfigurationPlatforms) = postSolution
		{87E58A53-878A-47DC-8441-B8B7B968778C}.Debug|Any CPU.ActiveCfg = Debug|Any CPU
		{87E58A53-878A-47DC-8441-B8B7B968778C}.Debug|Any CPU.Build.0 = Debug|Any CPU
		{87E58A53-878A-47DC-8441-B8B7B968778C}.Release|Any CPU.ActiveCfg = Release|Any CPU
		{87E58A53-878A-47DC-8441-B8B7B968778C}.Release|Any CPU.Build.0 = Release|Any CPU
	EndGlobalSection
	GlobalSection(SolutionProperties) = preSolution
		HideSolutionNode = FALSE
	EndGlobalSection
	GlobalSection(ExtensibilityGlobals) = postSolution
		SolutionGuid = {FF93B7D9-7CD1-4247-8874-CAF462130D43}
	EndGlobalSection
EndGlobal
